
Microsoft Visual Studio Solution File, Format Version 12.00
Project("{FAE04EC0-301F-11D3-BF4B-00C04F79EFBC}") = "F1", "F1\F1.csproj", "{AAF2CEB3-639C-406C-989E-A64626F00A68}"
EndProject
Project("{FAE04EC0-301F-11D3-BF4B-00C04F79EFBC}") = "Client", "Client\Client.csproj", "{A638CED8-89FE-4E18-B0F7-60A8E1B3BE13}"
EndProject
Project("{FAE04EC0-301F-11D3-BF4B-00C04F79EFBC}") = "Server", "Server\Server.csproj", "{49ECE583-9996-4D6F-978E-C6499F087555}"
EndProject
Project("{FAE04EC0-301F-11D3-BF4B-00C04F79EFBC}") = "ProtocolHelper", "ProtocolHelper\ProtocolHelper.csproj", "{CD78683A-F902-4D12-A3A1-75BA54D2360E}"
EndProject
Project("{FAE04EC0-301F-11D3-BF4B-00C04F79EFBC}") = "LogsServer", "LogsServer\LogsServer.csproj", "{C2B8A98F-E37E-45DB-932E-5BA3B3656C5E}"
EndProject
Global
	GlobalSection(SolutionConfigurationPlatforms) = preSolution
		Debug|Any CPU = Debug|Any CPU
		Release|Any CPU = Release|Any CPU
	EndGlobalSection
	GlobalSection(ProjectConfigurationPlatforms) = postSolution
		{AAF2CEB3-639C-406C-989E-A64626F00A68}.Debug|Any CPU.ActiveCfg = Debug|Any CPU
		{AAF2CEB3-639C-406C-989E-A64626F00A68}.Debug|Any CPU.Build.0 = Debug|Any CPU
		{AAF2CEB3-639C-406C-989E-A64626F00A68}.Release|Any CPU.ActiveCfg = Release|Any CPU
		{AAF2CEB3-639C-406C-989E-A64626F00A68}.Release|Any CPU.Build.0 = Release|Any CPU
		{A638CED8-89FE-4E18-B0F7-60A8E1B3BE13}.Debug|Any CPU.ActiveCfg = Debug|Any CPU
		{A638CED8-89FE-4E18-B0F7-60A8E1B3BE13}.Debug|Any CPU.Build.0 = Debug|Any CPU
		{A638CED8-89FE-4E18-B0F7-60A8E1B3BE13}.Release|Any CPU.ActiveCfg = Release|Any CPU
		{A638CED8-89FE-4E18-B0F7-60A8E1B3BE13}.Release|Any CPU.Build.0 = Release|Any CPU
		{49ECE583-9996-4D6F-978E-C6499F087555}.Debug|Any CPU.ActiveCfg = Debug|Any CPU
		{49ECE583-9996-4D6F-978E-C6499F087555}.Debug|Any CPU.Build.0 = Debug|Any CPU
		{49ECE583-9996-4D6F-978E-C6499F087555}.Release|Any CPU.ActiveCfg = Release|Any CPU
		{49ECE583-9996-4D6F-978E-C6499F087555}.Release|Any CPU.Build.0 = Release|Any CPU
		{CD78683A-F902-4D12-A3A1-75BA54D2360E}.Debug|Any CPU.ActiveCfg = Debug|Any CPU
		{CD78683A-F902-4D12-A3A1-75BA54D2360E}.Debug|Any CPU.Build.0 = Debug|Any CPU
		{CD78683A-F902-4D12-A3A1-75BA54D2360E}.Release|Any CPU.ActiveCfg = Release|Any CPU
		{CD78683A-F902-4D12-A3A1-75BA54D2360E}.Release|Any CPU.Build.0 = Release|Any CPU
		{C2B8A98F-E37E-45DB-932E-5BA3B3656C5E}.Debug|Any CPU.ActiveCfg = Debug|Any CPU
		{C2B8A98F-E37E-45DB-932E-5BA3B3656C5E}.Debug|Any CPU.Build.0 = Debug|Any CPU
		{C2B8A98F-E37E-45DB-932E-5BA3B3656C5E}.Release|Any CPU.ActiveCfg = Release|Any CPU
		{C2B8A98F-E37E-45DB-932E-5BA3B3656C5E}.Release|Any CPU.Build.0 = Release|Any CPU
	EndGlobalSection
EndGlobal
